version = 1
revision = 3
requires-python = ">=3.12"

[[package]]
name = "dcc-rail-controller"
version = "0.1.0"
source = { virtual = "." }
dependencies = [
    { name = "simplepyble" },
]

[package.metadata]
requires-dist = [{ name = "simplepyble", specifier = ">=0.12.1" }]

[[package]]
name = "simplepyble"
version = "0.12.1"
source = { registry = "https://pypi.org/simple" }
sdist = { url = "https://files.pythonhosted.org/packages/5d/9e/0b6a69867213f4fe71f05eb703c28618a710a6864677fe8fa9fd228952f1/simplepyble-0.12.1.tar.gz", hash = "sha256:858cf48acdf72e33c34757c2d2c5a0d7aea67983952ce0762336750ad25e1cff", size = 386621, upload-time = "2026-02-12T08:19:55.885Z" }
wheels = [
    { url = "https://files.pythonhosted.org/packages/f7/b0/5795d01c08aa003604686e4e74f6285589be6400e11e77eb5fd7975e4aa4/simplepyble-0.12.1-cp312-cp312-macosx_13_0_arm64.whl", hash = "sha256:d1e780238c8ac11e63c4c728a9f6e220da05fd2088917f01cb49f3e5e79ba89b", size = 260545, upload-time = "2026-02-12T08:18:34.911Z" },
    { url = "https://files.pythonhosted.org/packages/fa/94/13658e92552903ecd2843e377239985a5e7e5d8d0b9b39e62c5735bf622e/simplepyble-0.12.1-cp312-cp312-macosx_13_0_universal2.whl", hash = "sha256:e9cbd89ac2acce516fb10a339e21edfb1107589a2d839cba9a618e8ed8b0dd1a", size = 539024, upload-time = "2026-02-12T08:18:36.449Z" },
    { url = "https://files.pythonhosted.org/packages/4b/c9/5ff2cafe78c569ce92f12c30bc116820c6fa438aed345b00b1f6086f65b4/simplepyble-0.12.1-cp312-cp312-macosx_13_0_x86_64.whl", hash = "sha256:98adaeca5d7276e893d8c152eae90dc2091b71fca7d01c1fa1a2ff35c5065817", size = 290312, upload-time = "2026-02-12T08:18:38.358Z" },
    { url = "https://files.pythonhosted.org/packages/d9/e8/d004fe08351a7485e30c7d57d8c6d73a8e8f1f06929e9766459db4e679f4/simplepyble-0.12.1-cp312-cp312-manylinux_2_28_aarch64.whl", hash = "sha256:da7d6a5df7205fe61ed1cf6eb72663b2cf9fbf23889b0983bd49205b9c57776f", size = 2921509, upload-time = "2026-02-12T08:18:39.854Z" },
    { url = "https://files.pythonhosted.org/packages/70/b5/044b6b3ca8c1526d3820f6f408c608bb5622e5c87444d4686423a4e14ef8/simplepyble-0.12.1-cp312-cp312-manylinux_2_28_i686.whl", hash = "sha256:f73a923f9e9886008aca29b9e1005db6af51dfd8b00b0c8124b7a658a6f50dbf", size = 3180671, upload-time = "2026-02-12T08:18:42.017Z" },
    { url = "https://files.pythonhosted.org/packages/ba/6e/573ced9990e6896acffc51113eb70cedf8457f7c83361d62bb7cdddf47ce/simplepyble-0.12.1-cp312-cp312-manylinux_2_28_x86_64.whl", hash = "sha256:f469b9ac0c181637ac00dc8f4226957e10c0a3cc2ef6d30396152fa5caecccc8", size = 3166727, upload-time = "2026-02-12T08:18:43.629Z" },
    { url = "https://files.pythonhosted.org/packages/0a/0d/dcdd697c5454434df7b5e488bdc397df18f5e09e833edf7b3b501a91c739/simplepyble-0.12.1-cp312-cp312-win32.whl", hash = "sha256:ccc34188759fe0677ee4c19d8b4e78a4ddb89520985fd876977d3e4d6ea83f36", size = 273844, upload-time = "2026-02-12T08:18:44.973Z" },
    { url = "https://files.pythonhosted.org/packages/f0/fe/1444c00759accc0ffa278becabc7bfb7780ab576c3761365fe1fd84d76fe/simplepyble-0.12.1-cp312-cp312-win_amd64.whl", hash = "sha256:a75d551bfc2841bf45ed7f6115ee0549be75f0feda9498e03aae522c63d1e960", size = 300580, upload-time = "2026-02-12T08:18:46.293Z" },
    { url = "https://files.pythonhosted.org/packages/52/b4/50fbb0a1cb0a2cd393c478264ddaf42df4e1b19ce47c4b87b84f30d316f3/simplepyble-0.12.1-cp312-cp312-win_arm64.whl", hash = "sha256:816b0f7b19185725ee157c0300636006b0db8e4d60f9efe6fb27328eba7ad11a", size = 295042, upload-time = "2026-02-12T08:18:48.147Z" },
    { url = "https://files.pythonhosted.org/packages/ec/4a/deca8db424b63118f001f308f83b42bac23fc58473b9b5920ee7887ab8fe/simplepyble-0.12.1-cp313-cp313-macosx_13_0_arm64.whl", hash = "sha256:ddb1f7c2ada2a851797db428b6023170ba929cdcc4c98ef3dbef0c64bce07964", size = 260605, upload-time = "2026-02-12T08:18:49.938Z" },
    { url = "https://files.pythonhosted.org/packages/84/e4/4a7d702e2fcebb43ef3b79f2ad0003d7737263b5fa66eda0e19d3b24fcd3/simplepyble-0.12.1-cp313-cp313-macosx_13_0_universal2.whl", hash = "sha256:cd42a609d3b537d5b14bda76b6b9fd0553f17e5549722b6d4a62e2a88eecc287", size = 539103, upload-time = "2026-02-12T08:18:51.828Z" },
    { url = "https://files.pythonhosted.org/packages/9e/21/9e8be702ee6b4eac0e0a6a54cdc5a586d736de96bd6ecfa610bf56840b0a/simplepyble-0.12.1-cp313-cp313-macosx_13_0_x86_64.whl", hash = "sha256:1891f32dbf3318f06c30eba4d69c1eec44a6f37cb9cb19398f49d0a2ad5c0d27", size = 290314, upload-time = "2026-02-12T08:18:53.221Z" },
    { url = "https://files.pythonhosted.org/packages/f8/a1/e8724c8874369ef5ad120dd0e94e0aaad77125e769b2bdc4a2d7b443c587/simplepyble-0.12.1-cp313-cp313-manylinux_2_28_aarch64.whl", hash = "sha256:26cbf3f3f1da6f92ac5574ee129f30df2942797e6ab4736e33621ce39d38133c", size = 2921853, upload-time = "2026-02-12T08:18:55.08Z" },
    { url = "https://files.pythonhosted.org/packages/3a/7c/968d6d668bc5977c0cedab00f4e0afa60d167982a10dd10a1501e7843d24/simplepyble-0.12.1-cp313-cp313-manylinux_2_28_i686.whl", hash = "sha256:2fd12264f0f4720022cfeb58888f326421553bd648ecd03da6a15c8610b73897", size = 3181007, upload-time = "2026-02-12T08:18:56.863Z" },
    { url = "https://files.pythonhosted.org/packages/71/53/56d0fffd0e3e46693e9ac07419ef63ef0ad07f09ee8d3a154a8c33bff121/simplepyble-0.12.1-cp313-cp313-manylinux_2_28_x86_64.whl", hash = "sha256:e8d4051f1e6803b3c50c70d8752007b1a9699036f8b458e6f694b9c4c3ca7894", size = 3166708, upload-time = "2026-02-12T08:18:58.393Z" },
    { url = "https://files.pythonhosted.org/packages/1f/27/bb931df38b58178cfb94e0990a9e077b0f88c72a739141a5b24c0fd5526a/simplepyble-0.12.1-cp313-cp313-win32.whl", hash = "sha256:9bb75150127dd0a0486786e152bae07186652c6cdfeadb7e6b1e71aa6beaa735", size = 273970, upload-time = "2026-02-12T08:19:00.349Z" },
    { url = "https://files.pythonhosted.org/packages/5c/45/615f10910ee402e97e736f76291aa277f6c0dfc42e5382d39ed8f5fe827b/simplepyble-0.12.1-cp313-cp313-win_amd64.whl", hash = "sha256:4d2a123bfa58322fc08bf72163cf6b9f72519bd312c4cb1d71eae946c719e5a1", size = 300610, upload-time = "2026-02-12T08:19:01.852Z" },
    { url = "https://files.pythonhosted.org/packages/ea/64/611f3503a3d4152e5132f46cf78491c350b9b8774ec288addb4f4e4c2eff/simplepyble-0.12.1-cp313-cp313-win_arm64.whl", hash = "sha256:fe9f5400814a12b30042a5104c49c787220d182b3a345c4061cc6d3bc623bf9d", size = 295050, upload-time = "2026-02-12T08:19:03.311Z" },
    { url = "https://files.pythonhosted.org/packages/d7/78/b9140466d6c3d1743f2e9959e78e6b106e7ddbbdad3bcbc4ecf633e177f5/simplepyble-0.12.1-cp314-cp314-macosx_13_0_arm64.whl", hash = "sha256:dd12d8e97fefedfc8edcbd5122ae07c03b8fe4ca92b7631b8400a17f2140b78a", size = 261246, upload-time = "2026-02-12T08:19:05.8Z" },
    { url = "https://files.pythonhosted.org/packages/84/24/c380f19d3115133fb05c8a580627d74a0e52e03897aa87f6d68b54a25ce0/simplepyble-0.12.1-cp314-cp314-macosx_13_0_universal2.whl", hash = "sha256:af6c8be039ef9ff80b649183bcff482f06226fed2defd543e45dabf1e8471f0b", size = 539812, upload-time = "2026-02-12T08:19:07.253Z" },
    { url = "https://files.pythonhosted.org/packages/3a/ac/8e1cf21b5222164c7c3ee93e0be00de081fe9600b412373545fb41e788e5/simplepyble-0.12.1-cp314-cp314-macosx_13_0_x86_64.whl", hash = "sha256:bbda14c4e66dade31db2a20e7da3864ea5c3f5dbb80d44a58c17a7d53f198364", size = 290525, upload-time = "2026-02-12T08:19:08.947Z" },
    { url = "https://files.pythonhosted.org/packages/5a/44/247c4616e1800dffd089d72ad05780ecce2b9897b69b414281a42d607d89/simplepyble-0.12.1-cp314-cp314-manylinux_2_28_aarch64.whl", hash = "sha256:5d71d3bb8d988c6d2b4fd340929b7c5fb2b63391d5775825524489587eea7b5a", size = 2922353, upload-time = "2026-02-12T08:19:10.655Z" },
    { url = "https://files.pythonhosted.org/packages/28/86/f35c767e4830766fd2962a11048bfae0cee3c78c2cfd9e3b01a1342cdbf2/simplepyble-0.12.1-cp314-cp314-manylinux_2_28_i686.whl", hash = "sha256:c8758bb88d58ad54de40f1c02308488403351dcf8186c67ebec7efed386600c8", size = 3180511, upload-time = "2026-02-12T08:19:12.508Z" },
    { url = "https://files.pythonhosted.org/packages/76/f4/9d4f3a814d10140ed082ce81db58115f41c55b1e988cf6e3735577f6fe3f/simplepyble-0.12.1-cp314-cp314-manylinux_2_28_x86_64.whl", hash = "sha256:734f15d4747b32cb03f53e37d4af25c362ba03c55035c6d6f185ae92bd387c9d", size = 3167332, upload-time = "2026-02-12T08:19:14.28Z" },
    { url = "https://files.pythonhosted.org/packages/d0/6a/26a892878190af373c3c54095872f8e5820084adfd3c41ef9a06c0944f7a/simplepyble-0.12.1-cp314-cp314-win32.whl", hash = "sha256:12e86da6a5adcfaaf328af45b03d03e05c1530b8be89c03abc7ac00c0d0d6c96", size = 280401, upload-time = "2026-02-12T08:19:15.797Z" },
    { url = "https://files.pythonhosted.org/packages/d7/aa/80f67e94227864fe380dae15358bb704b377b5fca1760a283039b01c2520/simplepyble-0.12.1-cp314-cp314-win_amd64.whl", hash = "sha256:ab67736b60a52e48df71ff2a915ec1ed94a5c27af497915ec1e19a2e9bdaa6c6", size = 309304, upload-time = "2026-02-12T08:19:17.395Z" },
    { url = "https://files.pythonhosted.org/packages/5a/19/5d7b1da566f9814ba08bd4ad12cf2d37d94bcf8b045fccd4b97c5360bc5e/simplepyble-0.12.1-cp314-cp314-win_arm64.whl", hash = "sha256:c213181a546b4baa3dace93f4f2b593cddff533d108a204af0e148855ab32547", size = 303189, upload-time = "2026-02-12T08:19:18.866Z" },
]
